
Microsoft Visual Studio Solution File, Format Version 11.00
# Visual Studio 2010
Project("{FAE04EC0-301F-11D3-BF4B-00C04F79EFBC}") = "Assembly-CSharp", "Assembly-CSharp.csproj", "{5a3da907-2889-3c51-cf19-0ad47fbf7c68}"
EndProject
Project("{FAE04EC0-301F-11D3-BF4B-00C04F79EFBC}") = "PhotonUnityNetworking.Utilities", "PhotonUnityNetworking.Utilities.csproj", "{4022e5b4-5db2-bec2-36d5-bc22e6440fa7}"
EndProject
Project("{FAE04EC0-301F-11D3-BF4B-00C04F79EFBC}") = "UnityEngine.UI", "UnityEngine.UI.csproj", "{f4fcc0aa-1e00-1dd1-f504-9465cd5137f7}"
EndProject
Project("{FAE04EC0-301F-11D3-BF4B-00C04F79EFBC}") = "PhotonChat", "PhotonChat.csproj", "{510d2d97-24a8-fa15-429c-fa59f601dadf}"
EndProject
Project("{FAE04EC0-301F-11D3-BF4B-00C04F79EFBC}") = "PhotonUnityNetworking", "PhotonUnityNetworking.csproj", "{a411f196-0be9-9066-a73b-d3c82327281b}"
EndProject
Project("{FAE04EC0-301F-11D3-BF4B-00C04F79EFBC}") = "PhotonRealtime", "PhotonRealtime.csproj", "{3f0892a7-d6cb-97f7-07cd-567c3860b159}"
EndProject
Project("{FAE04EC0-301F-11D3-BF4B-00C04F79EFBC}") = "PhotonWebSocket", "PhotonWebSocket.csproj", "{d8145e3c-c0f4-a47f-bfbc-2cd373902354}"
EndProject
Project("{FAE04EC0-301F-11D3-BF4B-00C04F79EFBC}") = "Unity.2D.Sprite.Editor", "Unity.2D.Sprite.Editor.csproj", "{169268a8-66d9-5831-149b-16a8bac844af}"
EndProject
Project("{FAE04EC0-301F-11D3-BF4B-00C04F79EFBC}") = "UnityEditor.UI", "UnityEditor.UI.csproj", "{953c4370-ceff-67a3-2573-8a4d99464065}"
EndProject
Project("{FAE04EC0-301F-11D3-BF4B-00C04F79EFBC}") = "Assembly-CSharp-Editor", "Assembly-CSharp-Editor.csproj", "{adbb0ae8-a715-271b-81b1-6532d9f88f08}"
EndProject
Project("{FAE04EC0-301F-11D3-BF4B-00C04F79EFBC}") = "Unity.2D.Tilemap.Editor", "Unity.2D.Tilemap.Editor.csproj", "{499ae71f-1cfe-7e53-86e8-f45c8155ef8f}"
EndProject
Project("{FAE04EC0-301F-11D3-BF4B-00C04F79EFBC}") = "PhotonUnityNetworking.Editor", "PhotonUnityNetworking.Editor.csproj", "{c39ca33c-5028-597b-9bf8-e71fd350e1e4}"
EndProject
Project("{FAE04EC0-301F-11D3-BF4B-00C04F79EFBC}") = "PhotonUnityNetworking.Utilities.PhotonPlayer.Editor", "PhotonUnityNetworking.Utilities.PhotonPlayer.Editor.csproj", "{84b2d6fb-4de7-7ef2-5c65-5ac0f90e9108}"
EndProject
Project("{FAE04EC0-301F-11D3-BF4B-00C04F79EFBC}") = "PhotonUnityNetworking.Utilities.Culling.Editor", "PhotonUnityNetworking.Utilities.Culling.Editor.csproj", "{fa5dab47-4755-76a5-06bf-bc0a9805073a}"
EndProject
Global
	GlobalSection(SolutionConfigurationPlatforms) = preSolution
		Debug|Any CPU = Debug|Any CPU
	EndGlobalSection
	GlobalSection(ProjectConfigurationPlatforms) = postSolution
		{5a3da907-2889-3c51-cf19-0ad47fbf7c68}.Debug|Any CPU.ActiveCfg = Debug|Any CPU
		{5a3da907-2889-3c51-cf19-0ad47fbf7c68}.Debug|Any CPU.Build.0 = Debug|Any CPU
		{4022e5b4-5db2-bec2-36d5-bc22e6440fa7}.Debug|Any CPU.ActiveCfg = Debug|Any CPU
		{4022e5b4-5db2-bec2-36d5-bc22e6440fa7}.Debug|Any CPU.Build.0 = Debug|Any CPU
		{f4fcc0aa-1e00-1dd1-f504-9465cd5137f7}.Debug|Any CPU.ActiveCfg = Debug|Any CPU
		{f4fcc0aa-1e00-1dd1-f504-9465cd5137f7}.Debug|Any CPU.Build.0 = Debug|Any CPU
		{510d2d97-24a8-fa15-429c-fa59f601dadf}.Debug|Any CPU.ActiveCfg = Debug|Any CPU
		{510d2d97-24a8-fa15-429c-fa59f601dadf}.Debug|Any CPU.Build.0 = Debug|Any CPU
		{a411f196-0be9-9066-a73b-d3c82327281b}.Debug|Any CPU.ActiveCfg = Debug|Any CPU
		{a411f196-0be9-9066-a73b-d3c82327281b}.Debug|Any CPU.Build.0 = Debug|Any CPU
		{3f0892a7-d6cb-97f7-07cd-567c3860b159}.Debug|Any CPU.ActiveCfg = Debug|Any CPU
		{3f0892a7-d6cb-97f7-07cd-567c3860b159}.Debug|Any CPU.Build.0 = Debug|Any CPU
		{d8145e3c-c0f4-a47f-bfbc-2cd373902354}.Debug|Any CPU.ActiveCfg = Debug|Any CPU
		{d8145e3c-c0f4-a47f-bfbc-2cd373902354}.Debug|Any CPU.Build.0 = Debug|Any CPU
		{169268a8-66d9-5831-149b-16a8bac844af}.Debug|Any CPU.ActiveCfg = Debug|Any CPU
		{169268a8-66d9-5831-149b-16a8bac844af}.Debug|Any CPU.Build.0 = Debug|Any CPU
		{953c4370-ceff-67a3-2573-8a4d99464065}.Debug|Any CPU.ActiveCfg = Debug|Any CPU
		{953c4370-ceff-67a3-2573-8a4d99464065}.Debug|Any CPU.Build.0 = Debug|Any CPU
		{adbb0ae8-a715-271b-81b1-6532d9f88f08}.Debug|Any CPU.ActiveCfg = Debug|Any CPU
		{adbb0ae8-a715-271b-81b1-6532d9f88f08}.Debug|Any CPU.Build.0 = Debug|Any CPU
		{499ae71f-1cfe-7e53-86e8-f45c8155ef8f}.Debug|Any CPU.ActiveCfg = Debug|Any CPU
		{499ae71f-1cfe-7e53-86e8-f45c8155ef8f}.Debug|Any CPU.Build.0 = Debug|Any CPU
		{c39ca33c-5028-597b-9bf8-e71fd350e1e4}.Debug|Any CPU.ActiveCfg = Debug|Any CPU
		{c39ca33c-5028-597b-9bf8-e71fd350e1e4}.Debug|Any CPU.Build.0 = Debug|Any CPU
		{84b2d6fb-4de7-7ef2-5c65-5ac0f90e9108}.Debug|Any CPU.ActiveCfg = Debug|Any CPU
		{84b2d6fb-4de7-7ef2-5c65-5ac0f90e9108}.Debug|Any CPU.Build.0 = Debug|Any CPU
		{fa5dab47-4755-76a5-06bf-bc0a9805073a}.Debug|Any CPU.ActiveCfg = Debug|Any CPU
		{fa5dab47-4755-76a5-06bf-bc0a9805073a}.Debug|Any CPU.Build.0 = Debug|Any CPU
	EndGlobalSection
	GlobalSection(SolutionProperties) = preSolution
		HideSolutionNode = FALSE
	EndGlobalSection
EndGlobal
